
Microsoft Visual Studio Solution File, Format Version 12.00
# Visual Studio Version 16
VisualStudioVersion = 16.0.33529.622
MinimumVisualStudioVersion = 10.0.40219.1
Project("{F184B08F-C81C-45F6-A57F-5ABD9991F28F}") = "PointLib", "PointLib\PointLib.vbproj", "{D53FA1DC-89EE-4B31-A30A-7E8184157274}"
EndProject
Project("{FAE04EC0-301F-11D3-BF4B-00C04F79EFBC}") = "FormsApp", "FormsApp\FormsApp.csproj", "{21DFADEA-D444-4A6E-B5B8-9A8476334B9F}"
EndProject
Global
	GlobalSection(SolutionConfigurationPlatforms) = preSolution
		Debug|Any CPU = Debug|Any CPU
		Release|Any CPU = Release|Any CPU
	EndGlobalSection
	GlobalSection(ProjectConfigurationPlatforms) = postSolution
		{D53FA1DC-89EE-4B31-A30A-7E8184157274}.Debug|Any CPU.ActiveCfg = Debug|Any CPU
		{D53FA1DC-89EE-4B31-A30A-7E8184157274}.Debug|Any CPU.Build.0 = Debug|Any CPU
		{D53FA1DC-89EE-4B31-A30A-7E8184157274}.Release|Any CPU.ActiveCfg = Release|Any CPU
		{D53FA1DC-89EE-4B31-A30A-7E8184157274}.Release|Any CPU.Build.0 = Release|Any CPU
		{21DFADEA-D444-4A6E-B5B8-9A8476334B9F}.Debug|Any CPU.ActiveCfg = Debug|Any CPU
		{21DFADEA-D444-4A6E-B5B8-9A8476334B9F}.Debug|Any CPU.Build.0 = Debug|Any CPU
		{21DFADEA-D444-4A6E-B5B8-9A8476334B9F}.Release|Any CPU.ActiveCfg = Release|Any CPU
		{21DFADEA-D444-4A6E-B5B8-9A8476334B9F}.Release|Any CPU.Build.0 = Release|Any CPU
	EndGlobalSection
	GlobalSection(SolutionProperties) = preSolution
		HideSolutionNode = FALSE
	EndGlobalSection
	GlobalSection(ExtensibilityGlobals) = postSolution
		SolutionGuid = {48EAD313-B1E0-4567-811C-3BC737CDF524}
	EndGlobalSection
EndGlobal
